
Microsoft Visual Studio Solution File, Format Version 12.00
# Visual Studio Version 16
VisualStudioVersion = 16.0.30804.86
MinimumVisualStudioVersion = 10.0.40219.1
Project("{FAE04EC0-301F-11D3-BF4B-00C04F79EFBC}") = "DataAccess", "DataAccess\DataAccess.csproj", "{0A2459FE-C2BE-4187-8739-BF2BE969EC03}"
EndProject
Project("{FAE04EC0-301F-11D3-BF4B-00C04F79EFBC}") = "Business", "Business\Business.csproj", "{A8C80CFB-17AD-4CC1-86BE-7DD1DBEEEC9D}"
EndProject
Project("{FAE04EC0-301F-11D3-BF4B-00C04F79EFBC}") = "Entities", "Entities\Entities.csproj", "{88601168-51A2-4C2A-9A72-1EF3BE4AD798}"
EndProject
Project("{FAE04EC0-301F-11D3-BF4B-00C04F79EFBC}") = "ConsoleUI", "ConsoleUI\ConsoleUI.csproj", "{AD12EDCB-113D-4178-8728-D0E976CB887A}"
EndProject
Global
	GlobalSection(SolutionConfigurationPlatforms) = preSolution
		Debug|Any CPU = Debug|Any CPU
		Release|Any CPU = Release|Any CPU
	EndGlobalSection
	GlobalSection(ProjectConfigurationPlatforms) = postSolution
		{0A2459FE-C2BE-4187-8739-BF2BE969EC03}.Debug|Any CPU.ActiveCfg = Debug|Any CPU
		{0A2459FE-C2BE-4187-8739-BF2BE969EC03}.Debug|Any CPU.Build.0 = Debug|Any CPU
		{0A2459FE-C2BE-4187-8739-BF2BE969EC03}.Release|Any CPU.ActiveCfg = Release|Any CPU
		{0A2459FE-C2BE-4187-8739-BF2BE969EC03}.Release|Any CPU.Build.0 = Release|Any CPU
		{A8C80CFB-17AD-4CC1-86BE-7DD1DBEEEC9D}.Debug|Any CPU.ActiveCfg = Debug|Any CPU
		{A8C80CFB-17AD-4CC1-86BE-7DD1DBEEEC9D}.Debug|Any CPU.Build.0 = Debug|Any CPU
		{A8C80CFB-17AD-4CC1-86BE-7DD1DBEEEC9D}.Release|Any CPU.ActiveCfg = Release|Any CPU
		{A8C80CFB-17AD-4CC1-86BE-7DD1DBEEEC9D}.Release|Any CPU.Build.0 = Release|Any CPU
		{88601168-51A2-4C2A-9A72-1EF3BE4AD798}.Debug|Any CPU.ActiveCfg = Debug|Any CPU
		{88601168-51A2-4C2A-9A72-1EF3BE4AD798}.Debug|Any CPU.Build.0 = Debug|Any CPU
		{88601168-51A2-4C2A-9A72-1EF3BE4AD798}.Release|Any CPU.ActiveCfg = Release|Any CPU
		{88601168-51A2-4C2A-9A72-1EF3BE4AD798}.Release|Any CPU.Build.0 = Release|Any CPU
		{AD12EDCB-113D-4178-8728-D0E976CB887A}.Debug|Any CPU.ActiveCfg = Debug|Any CPU
		{AD12EDCB-113D-4178-8728-D0E976CB887A}.Debug|Any CPU.Build.0 = Debug|Any CPU
		{AD12EDCB-113D-4178-8728-D0E976CB887A}.Release|Any CPU.ActiveCfg = Release|Any CPU
		{AD12EDCB-113D-4178-8728-D0E976CB887A}.Release|Any CPU.Build.0 = Release|Any CPU
	EndGlobalSection
	GlobalSection(SolutionProperties) = preSolution
		HideSolutionNode = FALSE
	EndGlobalSection
	GlobalSection(ExtensibilityGlobals) = postSolution
		SolutionGuid = {C7D8C9BB-2278-4806-AC2F-16892769A5F6}
	EndGlobalSection
EndGlobal
